# THIS IS AN AUTOGENERATED FILE. DO NOT EDIT THIS FILE DIRECTLY.
# yarn lockfile v1


clsx@^2.1.0:
  version "2.1.1"
  resolved "https://registry.yarnpkg.com/clsx/-/clsx-2.1.1.tgz#eed397c9fd8bd882bfb18deab7102049a2f32999"
  integrity sha512-eYm0QWBtUrBWZWG0d386OGAw16Z995PiOVo2B7bjWSbHedGl5e0ZWaq65kOGgUSNesEIDkB9ISbTg/JK9dhCZA==

hamt_plus@1.0.2:
  version "1.0.2"
  resolved "https://registry.yarnpkg.com/hamt_plus/-/hamt_plus-1.0.2.tgz#e21c252968c7e33b20f6a1b094cd85787a265601"
  integrity sha512-t2JXKaehnMb9paaYA7J0BX8QQAY8lwfQ9Gjf4pg/mk4krt+cmwmU652HOoWonf+7+EQV97ARPMhhVgU1ra2GhA==

react-toastify@^10.0.6:
  version "10.0.6"
  resolved "https://registry.yarnpkg.com/react-toastify/-/react-toastify-10.0.6.tgz#19c364b1150f495522c738d592d1dcc93879ade1"
  integrity sha512-yYjp+omCDf9lhZcrZHKbSq7YMuK0zcYkDFTzfRFgTXkTFHZ1ToxwAonzA4JI5CxA91JpjFLmwEsZEgfYfOqI1A==
  dependencies:
    clsx "^2.1.0"

recoil@^0.7.7:
  version "0.7.7"
  resolved "https://registry.yarnpkg.com/recoil/-/recoil-0.7.7.tgz#c5f2c843224384c9c09e4a62c060fb4c1454dc8e"
  integrity sha512-8Og5KPQW9LwC577Vc7Ug2P0vQshkv1y3zG3tSSkWMqkWSwHmE+by06L8JtnGocjW6gcCvfwB3YtrJG6/tWivNQ==
  dependencies:
    hamt_plus "1.0.2"
